
Microsoft Visual Studio Solution File, Format Version 12.00
# Visual Studio Version 16
VisualStudioVersion = 16.0.31624.102
MinimumVisualStudioVersion = 10.0.40219.1
Project("{FAE04EC0-301F-11D3-BF4B-00C04F79EFBC}") = "ImageShareLikes.Web", "ImageShareLikes.Web\ImageShareLikes.Web.csproj", "{23033F4C-6FC0-4EC0-BC35-8BA910EFB247}"
EndProject
Project("{FAE04EC0-301F-11D3-BF4B-00C04F79EFBC}") = "ImageShareLikes.Data", "ImageShareLikes.Data\ImageShareLikes.Data.csproj", "{EB571E8F-760B-42BB-AEA6-F62FF37DED20}"
EndProject
Global
	GlobalSection(SolutionConfigurationPlatforms) = preSolution
		Debug|Any CPU = Debug|Any CPU
		Release|Any CPU = Release|Any CPU
	EndGlobalSection
	GlobalSection(ProjectConfigurationPlatforms) = postSolution
		{23033F4C-6FC0-4EC0-BC35-8BA910EFB247}.Debug|Any CPU.ActiveCfg = Debug|Any CPU
		{23033F4C-6FC0-4EC0-BC35-8BA910EFB247}.Debug|Any CPU.Build.0 = Debug|Any CPU
		{23033F4C-6FC0-4EC0-BC35-8BA910EFB247}.Release|Any CPU.ActiveCfg = Release|Any CPU
		{23033F4C-6FC0-4EC0-BC35-8BA910EFB247}.Release|Any CPU.Build.0 = Release|Any CPU
		{EB571E8F-760B-42BB-AEA6-F62FF37DED20}.Debug|Any CPU.ActiveCfg = Debug|Any CPU
		{EB571E8F-760B-42BB-AEA6-F62FF37DED20}.Debug|Any CPU.Build.0 = Debug|Any CPU
		{EB571E8F-760B-42BB-AEA6-F62FF37DED20}.Release|Any CPU.ActiveCfg = Release|Any CPU
		{EB571E8F-760B-42BB-AEA6-F62FF37DED20}.Release|Any CPU.Build.0 = Release|Any CPU
	EndGlobalSection
	GlobalSection(SolutionProperties) = preSolution
		HideSolutionNode = FALSE
	EndGlobalSection
	GlobalSection(ExtensibilityGlobals) = postSolution
		SolutionGuid = {2FAF6678-75AB-4301-9FC4-8E096B2D3C49}
	EndGlobalSection
EndGlobal
